{
  "name": "L1",
  "lockfileVersion": 3,
  "requires": true,
  "packages": {
    "": {
      "dependencies": {
        "moment": "^2.29.4",
        "vk-api": "^0.1.0"
      }
    },
    "node_modules/moment": {
      "version": "2.29.4",
      "resolved": "https://registry.npmjs.org/moment/-/moment-2.29.4.tgz",
      "integrity": "sha512-5LC9SOxjSc2HF6vO2CyuTDNivEdoz2IvyJJGj6X8DJ0eFyfszE0QiEd+iXmBvUP3WHxSjFH/vIsA0EN00cgr8w==",
      "engines": {
        "node": "*"
      }
    },
    "node_modules/vk-api": {
      "version": "0.1.0",
      "resolved": "https://registry.npmjs.org/vk-api/-/vk-api-0.1.0.tgz",
      "integrity": "sha512-iewbUHMDlDDg+9sHoBfWI8uJ6aGPM4P3HEJuStEKnxn232BiheSnJ/IGhhjxgKUuYJibZuTCp5MZmhpYBxBQYA==",
      "engines": {
        "node": ">= 0.8.0"
      }
    }
  }
}
